{
  "name": "lavalink-server",
  "version": "4.2.2",
  "lockfileVersion": 3,
  "requires": true,
  "packages": {
    "": {
      "name": "lavalink-server",
      "version": "4.2.2",
      "dependencies": {},
      "scripts": {
        "start": "node scripts/start-lavalink.js"
      }
    }
  },
  "dependencies": {}
}
